// !$*UTF8*$!
{
	archiveVersion = 1;
	classes = {
	};
	objectVersion = 46;
	objects = {
/* Begin PBXBuildFile section */
		00893E3DC09D4DA7801D91C5 /* PluginRTCDTMFSender.swift in Sources */ = {isa = PBXBuildFile; fileRef = 45AE305C46B44C39BA6C6811 /* PluginRTCDTMFSender.swift */; };
		0207DA581B56EA530066E2B4 /* Images.xcassets in Resources */ = {isa = PBXBuildFile; fileRef = 0207DA571B56EA530066E2B4 /* Images.xcassets */; };
		02512F3B32AA46BDAE5D0547 /* VideoToolbox.framework in Frameworks */ = {isa = PBXBuildFile; fileRef = 39908EE93E48490B9F72E546 /* VideoToolbox.framework */; };
		04798B638528466CA396ECE9 /* PluginGetUserMedia.swift in Sources */ = {isa = PBXBuildFile; fileRef = DEFB16B0E1964EBEB2CE0C2E /* PluginGetUserMedia.swift */; };
		088CDA0EF6C64EFC95ABE736 /* PluginMediaStream.swift in Sources */ = {isa = PBXBuildFile; fileRef = 2B17EF0825004608851D2073 /* PluginMediaStream.swift */; };
		11314198CAA5404C99E18598 /* PluginMediaStreamRenderer.swift in Sources */ = {isa = PBXBuildFile; fileRef = 3A9A0C079F7448D9BC50EAA6 /* PluginMediaStreamRenderer.swift */; };
		11CF071842BE47648DBBCACA /* AVFoundation.framework in Frameworks */ = {isa = PBXBuildFile; fileRef = 79A2D8C9E4344194B2B00EC9 /* AVFoundation.framework */; };
		1D3623260D0F684500981E51 /* AppDelegate.m in Sources */ = {isa = PBXBuildFile; fileRef = 1D3623250D0F684500981E51 /* AppDelegate.m */; };
		1D60589B0D05DD56006BFB54 /* main.m in Sources */ = {isa = PBXBuildFile; fileRef = 29B97316FDCFA39411CA2CEA /* main.m */; };
		1F5E4D8A6AAE49B19F11C5BC /* QuartzCore.framework in Frameworks */ = {isa = PBXBuildFile; fileRef = 64BECEE9595D44CB8C33BB30 /* QuartzCore.framework */; };
		2298F1186CCC4D8DA5BF57E0 /* AudioToolbox.framework in Frameworks */ = {isa = PBXBuildFile; fileRef = 7E27B6DD10DB4FC8BBB613FD /* AudioToolbox.framework */; };
		23BFE03BD5104ADA88FD4279 /* PluginRTCPeerConnectionConfig.swift in Sources */ = {isa = PBXBuildFile; fileRef = D4B34F69DE964A54BA7A3B76 /* PluginRTCPeerConnectionConfig.swift */; };
		29632C3F841A442D9DF83D0E /* PluginRTCPeerConnectionConstraints.swift in Sources */ = {isa = PBXBuildFile; fileRef = 5431D5C1B1B24D85A34B0AAA /* PluginRTCPeerConnectionConstraints.swift */; };
		301BF552109A68D80062928A /* libCordova.a in Frameworks */ = {isa = PBXBuildFile; fileRef = 301BF535109A57CC0062928A /* libCordova.a */; };
		302D95F114D2391D003F00A1 /* MainViewController.m in Sources */ = {isa = PBXBuildFile; fileRef = 302D95EF14D2391D003F00A1 /* MainViewController.m */; };
		302D95F214D2391D003F00A1 /* MainViewController.xib in Resources */ = {isa = PBXBuildFile; fileRef = 302D95F014D2391D003F00A1 /* MainViewController.xib */; };
		36BDC68DCC2C481A8E9CBE88 /* CDVDevice.m in Sources */ = {isa = PBXBuildFile; fileRef = 91182E91836740B4935C69D4 /* CDVDevice.m */; };
		5B4B51D163E24362BAF9A939 /* CoreLocation.framework in Frameworks */ = {isa = PBXBuildFile; fileRef = A8E485088F0641FC8C5C77C4 /* CoreLocation.framework */; };
		6275C93675B947549CB9851B /* PluginRTCPeerConnection.swift in Sources */ = {isa = PBXBuildFile; fileRef = B67ECBBFE6934AE9AD403039 /* PluginRTCPeerConnection.swift */; };
		635FDBBB1D584BB1B8E0BF9B /* CoreAudio.framework in Frameworks */ = {isa = PBXBuildFile; fileRef = 855DDFA782FC4199BCD8DE65 /* CoreAudio.framework */; };
		76778AB7971A47989F46AE2B /* PluginUtils.swift in Sources */ = {isa = PBXBuildFile; fileRef = 086A0D7BFFC146A88BB3C6C6 /* PluginUtils.swift */; };
		7789A19A347F475F8C60958A /* libWebRTC-LATEST-Universal-Release.a in Frameworks */ = {isa = PBXBuildFile; fileRef = D6A3877C8D714B2A8951A174 /* libWebRTC-LATEST-Universal-Release.a */; };
		8B96AAD638A446C2BB6E1416 /* libc++.dylib in Frameworks */ = {isa = PBXBuildFile; fileRef = 60D9AFAEFA5647F5B7EDDD42 /* libc++.dylib */; };
		9D4E2BFBEECB448995AED879 /* PluginRTCDataChannel.swift in Sources */ = {isa = PBXBuildFile; fileRef = 312A57F7C38D422B98F13D70 /* PluginRTCDataChannel.swift */; };
		AF2E42B81AD9437EB0DF23D3 /* CoreVideo.framework in Frameworks */ = {isa = PBXBuildFile; fileRef = ACF5D4BCA20C4CE693220EFA /* CoreVideo.framework */; };
		B44DB70EEB8849EBB1E1B6A1 /* libstdc++.dylib in Frameworks */ = {isa = PBXBuildFile; fileRef = 2EF0315E06974DE2A1FF8FBD /* libstdc++.dylib */; };
		B4A644D271554D76AB243B06 /* PluginEnumerateDevices.swift in Sources */ = {isa = PBXBuildFile; fileRef = 96696FCE30924E2B96FC4B43 /* PluginEnumerateDevices.swift */; };
		C04B23E775984DFBAB9E3192 /* libsqlite3.0.dylib in Frameworks */ = {isa = PBXBuildFile; fileRef = 2D46FEA46FF44BA6BC9162DB /* libsqlite3.0.dylib */; };
		C3198EC5C8064D7284AA8029 /* GLKit.framework in Frameworks */ = {isa = PBXBuildFile; fileRef = 9B10012C2575467DB1DECC5E /* GLKit.framework */; };
		C41EC54D0C8D4D07952974E8 /* PluginMediaStreamTrack.swift in Sources */ = {isa = PBXBuildFile; fileRef = 1926B124BE0C43FD9F8DEE12 /* PluginMediaStreamTrack.swift */; };
		D64BFE36D44F439DB36E9B5C /* PluginRTCTypes.swift in Sources */ = {isa = PBXBuildFile; fileRef = E09D1E6F5B724526A64654DA /* PluginRTCTypes.swift */; };
		E5D562B9FA624A238FB21275 /* OpenGLES.framework in Frameworks */ = {isa = PBXBuildFile; fileRef = 2862B9E4E9384F32A31A5D6B /* OpenGLES.framework */; };
		ECE8354C50F64D25B87AA54C /* iosrtcPlugin.swift in Sources */ = {isa = PBXBuildFile; fileRef = DA9FCB6472D2404E9F2127D0 /* iosrtcPlugin.swift */; };
		F595400380894CC587F32D87 /* CoreMedia.framework in Frameworks */ = {isa = PBXBuildFile; fileRef = B8FBC79814B74DA59FBC4505 /* CoreMedia.framework */; };
		7DA97848EE73496CA6B65E80 /* CDVLogger.m in Sources */ = {isa = PBXBuildFile; fileRef = 53C1C4590DB44AE394042C09 /* CDVLogger.m */; };
/* End PBXBuildFile section */

/* Begin PBXContainerItemProxy section */
		301BF534109A57CC0062928A /* PBXContainerItemProxy */ = {
			isa = PBXContainerItemProxy;
			containerPortal = 301BF52D109A57CC0062928A /* CordovaLib.xcodeproj */;
			proxyType = 2;
			remoteGlobalIDString = D2AAC07E0554694100DB518D;
			remoteInfo = CordovaLib;
		};
		301BF550109A68C00062928A /* PBXContainerItemProxy */ = {
			isa = PBXContainerItemProxy;
			containerPortal = 301BF52D109A57CC0062928A /* CordovaLib.xcodeproj */;
			proxyType = 1;
			remoteGlobalIDString = D2AAC07D0554694100DB518D;
			remoteInfo = CordovaLib;
		};
/* End PBXContainerItemProxy section */

/* Begin PBXFileReference section */
		0207DA571B56EA530066E2B4 /* Images.xcassets */ = {isa = PBXFileReference; lastKnownFileType = folder.assetcatalog; name = Images.xcassets; path = FreeComms/Images.xcassets; sourceTree = SOURCE_ROOT; };
		086A0D7BFFC146A88BB3C6C6 /* PluginUtils.swift */ = {isa = PBXFileReference; explicitFileType = undefined; fileEncoding = 4; includeInIndex = 0; lastKnownFileType = sourcecode.swift; name = PluginUtils.swift; path = "cordova-plugin-iosrtc/PluginUtils.swift"; sourceTree = "<group>"; };
		1926B124BE0C43FD9F8DEE12 /* PluginMediaStreamTrack.swift */ = {isa = PBXFileReference; explicitFileType = undefined; fileEncoding = 4; includeInIndex = 0; lastKnownFileType = sourcecode.swift; name = PluginMediaStreamTrack.swift; path = "cordova-plugin-iosrtc/PluginMediaStreamTrack.swift"; sourceTree = "<group>"; };
		198350A5FB1C4548A45FED92 /* RTCAudioSource.h */ = {isa = PBXFileReference; explicitFileType = undefined; fileEncoding = 4; includeInIndex = 0; lastKnownFileType = sourcecode.c.h; name = RTCAudioSource.h; path = "cordova-plugin-iosrtc/RTCAudioSource.h"; sourceTree = "<group>"; };
		1D3623240D0F684500981E51 /* AppDelegate.h */ = {isa = PBXFileReference; fileEncoding = 4; lastKnownFileType = sourcecode.c.h; path = AppDelegate.h; sourceTree = "<group>"; };
		1D3623250D0F684500981E51 /* AppDelegate.m */ = {isa = PBXFileReference; fileEncoding = 4; lastKnownFileType = sourcecode.c.objc; path = AppDelegate.m; sourceTree = "<group>"; };
		1D6058910D05DD3D006BFB54 /* FreeComms.app */ = {isa = PBXFileReference; explicitFileType = wrapper.application; includeInIndex = 0; path = FreeComms.app; sourceTree = BUILT_PRODUCTS_DIR; };
		26C56D6F64584C49BC538177 /* RTCNSGLVideoView.h */ = {isa = PBXFileReference; explicitFileType = undefined; fileEncoding = 4; includeInIndex = 0; lastKnownFileType = sourcecode.c.h; name = RTCNSGLVideoView.h; path = "cordova-plugin-iosrtc/RTCNSGLVideoView.h"; sourceTree = "<group>"; };
		2862B9E4E9384F32A31A5D6B /* OpenGLES.framework */ = {isa = PBXFileReference; explicitFileType = undefined; fileEncoding = 9; includeInIndex = 0; lastKnownFileType = wrapper.framework; name = OpenGLES.framework; path = System/Library/Frameworks/OpenGLES.framework; sourceTree = SDKROOT; };
		29B97316FDCFA39411CA2CEA /* main.m */ = {isa = PBXFileReference; fileEncoding = 4; lastKnownFileType = sourcecode.c.objc; path = main.m; sourceTree = "<group>"; };
		29F14364E773476286ACAB11 /* RTCLogging.h */ = {isa = PBXFileReference; explicitFileType = undefined; fileEncoding = 4; includeInIndex = 0; lastKnownFileType = sourcecode.c.h; name = RTCLogging.h; path = "cordova-plugin-iosrtc/RTCLogging.h"; sourceTree = "<group>"; };
		2B17EF0825004608851D2073 /* PluginMediaStream.swift */ = {isa = PBXFileReference; explicitFileType = undefined; fileEncoding = 4; includeInIndex = 0; lastKnownFileType = sourcecode.swift; name = PluginMediaStream.swift; path = "cordova-plugin-iosrtc/PluginMediaStream.swift"; sourceTree = "<group>"; };
		2D46FEA46FF44BA6BC9162DB /* libsqlite3.0.dylib */ = {isa = PBXFileReference; explicitFileType = undefined; fileEncoding = 9; includeInIndex = 0; lastKnownFileType = "compiled.mach-o.dylib"; name = libsqlite3.0.dylib; path = usr/lib/libsqlite3.0.dylib; sourceTree = SDKROOT; };
		2EF0315E06974DE2A1FF8FBD /* libstdc++.dylib */ = {isa = PBXFileReference; explicitFileType = undefined; fileEncoding = 9; includeInIndex = 0; lastKnownFileType = "compiled.mach-o.dylib"; name = "libstdc++.dylib"; path = "usr/lib/libstdc++.dylib"; sourceTree = SDKROOT; };
		301BF52D109A57CC0062928A /* CordovaLib.xcodeproj */ = {isa = PBXFileReference; lastKnownFileType = "wrapper.pb-project"; name = CordovaLib.xcodeproj; path = CordovaLib/CordovaLib.xcodeproj; sourceTree = "<group>"; };
		301BF56E109A69640062928A /* www */ = {isa = PBXFileReference; lastKnownFileType = folder; path = www; sourceTree = SOURCE_ROOT; };
		302D95EE14D2391D003F00A1 /* MainViewController.h */ = {isa = PBXFileReference; fileEncoding = 4; lastKnownFileType = sourcecode.c.h; path = MainViewController.h; sourceTree = "<group>"; };
		302D95EF14D2391D003F00A1 /* MainViewController.m */ = {isa = PBXFileReference; fileEncoding = 4; lastKnownFileType = sourcecode.c.objc; path = MainViewController.m; sourceTree = "<group>"; };
		302D95F014D2391D003F00A1 /* MainViewController.xib */ = {isa = PBXFileReference; fileEncoding = 4; lastKnownFileType = file.xib; path = MainViewController.xib; sourceTree = "<group>"; };
		3047A50F1AB8059700498E2A /* build-debug.xcconfig */ = {isa = PBXFileReference; fileEncoding = 4; lastKnownFileType = text.xcconfig; name = "build-debug.xcconfig"; path = "cordova/build-debug.xcconfig"; sourceTree = SOURCE_ROOT; };
		3047A5101AB8059700498E2A /* build-release.xcconfig */ = {isa = PBXFileReference; fileEncoding = 4; lastKnownFileType = text.xcconfig; name = "build-release.xcconfig"; path = "cordova/build-release.xcconfig"; sourceTree = SOURCE_ROOT; };
		3047A5111AB8059700498E2A /* build.xcconfig */ = {isa = PBXFileReference; fileEncoding = 4; lastKnownFileType = text.xcconfig; name = build.xcconfig; path = cordova/build.xcconfig; sourceTree = SOURCE_ROOT; };
		312A57F7C38D422B98F13D70 /* PluginRTCDataChannel.swift */ = {isa = PBXFileReference; explicitFileType = undefined; fileEncoding = 4; includeInIndex = 0; lastKnownFileType = sourcecode.swift; name = PluginRTCDataChannel.swift; path = "cordova-plugin-iosrtc/PluginRTCDataChannel.swift"; sourceTree = "<group>"; };
		32CA4F630368D1EE00C91783 /* FreeComms-Prefix.pch */ = {isa = PBXFileReference; fileEncoding = 4; lastKnownFileType = sourcecode.c.h; path = "FreeComms-Prefix.pch"; sourceTree = "<group>"; };
		34F2B4C8CAE54100999C2850 /* RTCICEServer.h */ = {isa = PBXFileReference; explicitFileType = undefined; fileEncoding = 4; includeInIndex = 0; lastKnownFileType = sourcecode.c.h; name = RTCICEServer.h; path = "cordova-plugin-iosrtc/RTCICEServer.h"; sourceTree = "<group>"; };
		3602D6CBE9FF488EA3E5E73B /* RTCPeerConnection.h */ = {isa = PBXFileReference; explicitFileType = undefined; fileEncoding = 4; includeInIndex = 0; lastKnownFileType = sourcecode.c.h; name = RTCPeerConnection.h; path = "cordova-plugin-iosrtc/RTCPeerConnection.h"; sourceTree = "<group>"; };
		39908EE93E48490B9F72E546 /* VideoToolbox.framework */ = {isa = PBXFileReference; explicitFileType = undefined; fileEncoding = 9; includeInIndex = 0; lastKnownFileType = wrapper.framework; name = VideoToolbox.framework; path = System/Library/Frameworks/VideoToolbox.framework; sourceTree = SDKROOT; };
		3A9A0C079F7448D9BC50EAA6 /* PluginMediaStreamRenderer.swift */ = {isa = PBXFileReference; explicitFileType = undefined; fileEncoding = 4; includeInIndex = 0; lastKnownFileType = sourcecode.swift; name = PluginMediaStreamRenderer.swift; path = "cordova-plugin-iosrtc/PluginMediaStreamRenderer.swift"; sourceTree = "<group>"; };
		41CD8B720DD9437D873B688A /* RTCOpenGLVideoRenderer.h */ = {isa = PBXFileReference; explicitFileType = undefined; fileEncoding = 4; includeInIndex = 0; lastKnownFileType = sourcecode.c.h; name = RTCOpenGLVideoRenderer.h; path = "cordova-plugin-iosrtc/RTCOpenGLVideoRenderer.h"; sourceTree = "<group>"; };
		45AE305C46B44C39BA6C6811 /* PluginRTCDTMFSender.swift */ = {isa = PBXFileReference; explicitFileType = undefined; fileEncoding = 4; includeInIndex = 0; lastKnownFileType = sourcecode.swift; name = PluginRTCDTMFSender.swift; path = "cordova-plugin-iosrtc/PluginRTCDTMFSender.swift"; sourceTree = "<group>"; };
		49B6D766C4AE4CD6958B7E39 /* RTCI420Frame.h */ = {isa = PBXFileReference; explicitFileType = undefined; fileEncoding = 4; includeInIndex = 0; lastKnownFileType = sourcecode.c.h; name = RTCI420Frame.h; path = "cordova-plugin-iosrtc/RTCI420Frame.h"; sourceTree = "<group>"; };
		4B0D00D0D54E4BE59D4C7F36 /* RTCDataChannel.h */ = {isa = PBXFileReference; explicitFileType = undefined; fileEncoding = 4; includeInIndex = 0; lastKnownFileType = sourcecode.c.h; name = RTCDataChannel.h; path = "cordova-plugin-iosrtc/RTCDataChannel.h"; sourceTree = "<group>"; };
		5431D5C1B1B24D85A34B0AAA /* PluginRTCPeerConnectionConstraints.swift */ = {isa = PBXFileReference; explicitFileType = undefined; fileEncoding = 4; includeInIndex = 0; lastKnownFileType = sourcecode.swift; name = PluginRTCPeerConnectionConstraints.swift; path = "cordova-plugin-iosrtc/PluginRTCPeerConnectionConstraints.swift"; sourceTree = "<group>"; };
		60D9AFAEFA5647F5B7EDDD42 /* libc++.dylib */ = {isa = PBXFileReference; explicitFileType = undefined; fileEncoding = 9; includeInIndex = 0; lastKnownFileType = "compiled.mach-o.dylib"; name = "libc++.dylib"; path = "usr/lib/libc++.dylib"; sourceTree = SDKROOT; };
		6499F74736374552879FB36D /* RTCPeerConnectionFactory.h */ = {isa = PBXFileReference; explicitFileType = undefined; fileEncoding = 4; includeInIndex = 0; lastKnownFileType = sourcecode.c.h; name = RTCPeerConnectionFactory.h; path = "cordova-plugin-iosrtc/RTCPeerConnectionFactory.h"; sourceTree = "<group>"; };
		64BECEE9595D44CB8C33BB30 /* QuartzCore.framework */ = {isa = PBXFileReference; explicitFileType = undefined; fileEncoding = 9; includeInIndex = 0; lastKnownFileType = wrapper.framework; name = QuartzCore.framework; path = System/Library/Frameworks/QuartzCore.framework; sourceTree = SDKROOT; };
		69FDCB7A48AE496C83E1AB0C /* RTCFileLogger.h */ = {isa = PBXFileReference; explicitFileType = undefined; fileEncoding = 4; includeInIndex = 0; lastKnownFileType = sourcecode.c.h; name = RTCFileLogger.h; path = "cordova-plugin-iosrtc/RTCFileLogger.h"; sourceTree = "<group>"; };
		6EF62CA46B80410596725AB4 /* RTCDTMFSender.h */ = {isa = PBXFileReference; explicitFileType = undefined; fileEncoding = 4; includeInIndex = 0; lastKnownFileType = sourcecode.c.h; name = RTCDTMFSender.h; path = "cordova-plugin-iosrtc/RTCDTMFSender.h"; sourceTree = "<group>"; };
		704FDC4BC8954BA7AB10579E /* RTCICECandidate.h */ = {isa = PBXFileReference; explicitFileType = undefined; fileEncoding = 4; includeInIndex = 0; lastKnownFileType = sourcecode.c.h; name = RTCICECandidate.h; path = "cordova-plugin-iosrtc/RTCICECandidate.h"; sourceTree = "<group>"; };
		79A2D8C9E4344194B2B00EC9 /* AVFoundation.framework */ = {isa = PBXFileReference; explicitFileType = undefined; fileEncoding = 9; includeInIndex = 0; lastKnownFileType = wrapper.framework; name = AVFoundation.framework; path = System/Library/Frameworks/AVFoundation.framework; sourceTree = SDKROOT; };
		7E27B6DD10DB4FC8BBB613FD /* AudioToolbox.framework */ = {isa = PBXFileReference; explicitFileType = undefined; fileEncoding = 9; includeInIndex = 0; lastKnownFileType = wrapper.framework; name = AudioToolbox.framework; path = System/Library/Frameworks/AudioToolbox.framework; sourceTree = SDKROOT; };
		7F1CFF42CCC84CE284BFF7E6 /* RTCVideoCapturer.h */ = {isa = PBXFileReference; explicitFileType = undefined; fileEncoding = 4; includeInIndex = 0; lastKnownFileType = sourcecode.c.h; name = RTCVideoCapturer.h; path = "cordova-plugin-iosrtc/RTCVideoCapturer.h"; sourceTree = "<group>"; };
		81A5F36B032F4538A7D3798D /* RTCAVFoundationVideoSource.h */ = {isa = PBXFileReference; explicitFileType = undefined; fileEncoding = 4; includeInIndex = 0; lastKnownFileType = sourcecode.c.h; name = RTCAVFoundationVideoSource.h; path = "cordova-plugin-iosrtc/RTCAVFoundationVideoSource.h"; sourceTree = "<group>"; };
		855DDFA782FC4199BCD8DE65 /* CoreAudio.framework */ = {isa = PBXFileReference; explicitFileType = undefined; fileEncoding = 9; includeInIndex = 0; lastKnownFileType = wrapper.framework; name = CoreAudio.framework; path = System/Library/Frameworks/CoreAudio.framework; sourceTree = SDKROOT; };
		88DBAE2B3570474394505635 /* RTCPeerConnectionInterface.h */ = {isa = PBXFileReference; explicitFileType = undefined; fileEncoding = 4; includeInIndex = 0; lastKnownFileType = sourcecode.c.h; name = RTCPeerConnectionInterface.h; path = "cordova-plugin-iosrtc/RTCPeerConnectionInterface.h"; sourceTree = "<group>"; };
		8ABA90564BDC46599F36DEE8 /* RTCMediaStream.h */ = {isa = PBXFileReference; explicitFileType = undefined; fileEncoding = 4; includeInIndex = 0; lastKnownFileType = sourcecode.c.h; name = RTCMediaStream.h; path = "cordova-plugin-iosrtc/RTCMediaStream.h"; sourceTree = "<group>"; };
		8D1107310486CEB800E47090 /* FreeComms-Info.plist */ = {isa = PBXFileReference; fileEncoding = 4; lastKnownFileType = text.plist.xml; name = "FreeComms-Info.plist"; path = "FreeComms/FreeComms-Info.plist"; plistStructureDefinitionIdentifier = "com.apple.xcode.plist.structure-definition.iphone.info-plist"; sourceTree = SOURCE_ROOT; };
		8DE328561241465C892FCC13 /* RTCVideoRenderer.h */ = {isa = PBXFileReference; explicitFileType = undefined; fileEncoding = 4; includeInIndex = 0; lastKnownFileType = sourcecode.c.h; name = RTCVideoRenderer.h; path = "cordova-plugin-iosrtc/RTCVideoRenderer.h"; sourceTree = "<group>"; };
		900219A94F2B4C449A665EBC /* RTCVideoSource.h */ = {isa = PBXFileReference; explicitFileType = undefined; fileEncoding = 4; includeInIndex = 0; lastKnownFileType = sourcecode.c.h; name = RTCVideoSource.h; path = "cordova-plugin-iosrtc/RTCVideoSource.h"; sourceTree = "<group>"; };
		90688499960C4B8C92BED627 /* cordova-plugin-iosrtc-Bridging-Header.h */ = {isa = PBXFileReference; explicitFileType = undefined; fileEncoding = 4; includeInIndex = 0; lastKnownFileType = sourcecode.c.h; name = "cordova-plugin-iosrtc-Bridging-Header.h"; path = "cordova-plugin-iosrtc/cordova-plugin-iosrtc-Bridging-Header.h"; sourceTree = "<group>"; };
		91182E91836740B4935C69D4 /* CDVDevice.m */ = {isa = PBXFileReference; explicitFileType = undefined; fileEncoding = 4; includeInIndex = 0; lastKnownFileType = sourcecode.c.objc; name = CDVDevice.m; path = "cordova-plugin-device/CDVDevice.m"; sourceTree = "<group>"; };
		91469862080740708F0FCF75 /* RTCMediaStreamTrack.h */ = {isa = PBXFileReference; explicitFileType = undefined; fileEncoding = 4; includeInIndex = 0; lastKnownFileType = sourcecode.c.h; name = RTCMediaStreamTrack.h; path = "cordova-plugin-iosrtc/RTCMediaStreamTrack.h"; sourceTree = "<group>"; };
		933459D8D5494889A4C207B8 /* RTCSessionDescriptionDelegate.h */ = {isa = PBXFileReference; explicitFileType = undefined; fileEncoding = 4; includeInIndex = 0; lastKnownFileType = sourcecode.c.h; name = RTCSessionDescriptionDelegate.h; path = "cordova-plugin-iosrtc/RTCSessionDescriptionDelegate.h"; sourceTree = "<group>"; };
		96696FCE30924E2B96FC4B43 /* PluginEnumerateDevices.swift */ = {isa = PBXFileReference; explicitFileType = undefined; fileEncoding = 4; includeInIndex = 0; lastKnownFileType = sourcecode.swift; name = PluginEnumerateDevices.swift; path = "cordova-plugin-iosrtc/PluginEnumerateDevices.swift"; sourceTree = "<group>"; };
		9B10012C2575467DB1DECC5E /* GLKit.framework */ = {isa = PBXFileReference; explicitFileType = undefined; fileEncoding = 9; includeInIndex = 0; lastKnownFileType = wrapper.framework; name = GLKit.framework; path = System/Library/Frameworks/GLKit.framework; sourceTree = SDKROOT; };
		9D249500DECF421485F70E03 /* RTCPair.h */ = {isa = PBXFileReference; explicitFileType = undefined; fileEncoding = 4; includeInIndex = 0; lastKnownFileType = sourcecode.c.h; name = RTCPair.h; path = "cordova-plugin-iosrtc/RTCPair.h"; sourceTree = "<group>"; };
		9DC2A99AC89043D0BA871C18 /* CDVDevice.h */ = {isa = PBXFileReference; explicitFileType = undefined; fileEncoding = 4; includeInIndex = 0; lastKnownFileType = sourcecode.c.h; name = CDVDevice.h; path = "cordova-plugin-device/CDVDevice.h"; sourceTree = "<group>"; };
		A8E485088F0641FC8C5C77C4 /* CoreLocation.framework */ = {isa = PBXFileReference; explicitFileType = undefined; fileEncoding = 9; includeInIndex = 0; lastKnownFileType = wrapper.framework; name = CoreLocation.framework; path = System/Library/Frameworks/CoreLocation.framework; sourceTree = SDKROOT; };
		ACF5D4BCA20C4CE693220EFA /* CoreVideo.framework */ = {isa = PBXFileReference; explicitFileType = undefined; fileEncoding = 9; includeInIndex = 0; lastKnownFileType = wrapper.framework; name = CoreVideo.framework; path = System/Library/Frameworks/CoreVideo.framework; sourceTree = SDKROOT; };
		B3F23FAEB2F746229156A2F9 /* RTCVideoTrack.h */ = {isa = PBXFileReference; explicitFileType = undefined; fileEncoding = 4; includeInIndex = 0; lastKnownFileType = sourcecode.c.h; name = RTCVideoTrack.h; path = "cordova-plugin-iosrtc/RTCVideoTrack.h"; sourceTree = "<group>"; };
		B67ECBBFE6934AE9AD403039 /* PluginRTCPeerConnection.swift */ = {isa = PBXFileReference; explicitFileType = undefined; fileEncoding = 4; includeInIndex = 0; lastKnownFileType = sourcecode.swift; name = PluginRTCPeerConnection.swift; path = "cordova-plugin-iosrtc/PluginRTCPeerConnection.swift"; sourceTree = "<group>"; };
		B8FBC79814B74DA59FBC4505 /* CoreMedia.framework */ = {isa = PBXFileReference; explicitFileType = undefined; fileEncoding = 9; includeInIndex = 0; lastKnownFileType = wrapper.framework; name = CoreMedia.framework; path = System/Library/Frameworks/CoreMedia.framework; sourceTree = SDKROOT; };
		CACC85F5CCD448589B6091B5 /* RTCAudioTrack.h */ = {isa = PBXFileReference; explicitFileType = undefined; fileEncoding = 4; includeInIndex = 0; lastKnownFileType = sourcecode.c.h; name = RTCAudioTrack.h; path = "cordova-plugin-iosrtc/RTCAudioTrack.h"; sourceTree = "<group>"; };
		D1384AB2C1F642DCBC160DD4 /* RTCMediaConstraints.h */ = {isa = PBXFileReference; explicitFileType = undefined; fileEncoding = 4; includeInIndex = 0; lastKnownFileType = sourcecode.c.h; name = RTCMediaConstraints.h; path = "cordova-plugin-iosrtc/RTCMediaConstraints.h"; sourceTree = "<group>"; };
		D4B34F69DE964A54BA7A3B76 /* PluginRTCPeerConnectionConfig.swift */ = {isa = PBXFileReference; explicitFileType = undefined; fileEncoding = 4; includeInIndex = 0; lastKnownFileType = sourcecode.swift; name = PluginRTCPeerConnectionConfig.swift; path = "cordova-plugin-iosrtc/PluginRTCPeerConnectionConfig.swift"; sourceTree = "<group>"; };
		D631D5DC8D6F40D3A714EC48 /* RTCStatsReport.h */ = {isa = PBXFileReference; explicitFileType = undefined; fileEncoding = 4; includeInIndex = 0; lastKnownFileType = sourcecode.c.h; name = RTCStatsReport.h; path = "cordova-plugin-iosrtc/RTCStatsReport.h"; sourceTree = "<group>"; };
		D65D0057CAAD457EAD1152E5 /* RTCPeerConnectionDelegate.h */ = {isa = PBXFileReference; explicitFileType = undefined; fileEncoding = 4; includeInIndex = 0; lastKnownFileType = sourcecode.c.h; name = RTCPeerConnectionDelegate.h; path = "cordova-plugin-iosrtc/RTCPeerConnectionDelegate.h"; sourceTree = "<group>"; };
		D6A3877C8D714B2A8951A174 /* libWebRTC-LATEST-Universal-Release.a */ = {isa = PBXFileReference; explicitFileType = undefined; fileEncoding = 9; includeInIndex = 0; lastKnownFileType = archive.ar; name = "libWebRTC-LATEST-Universal-Release.a"; path = "FreeComms/Plugins/cordova-plugin-iosrtc/libWebRTC-LATEST-Universal-Release.a"; sourceTree = "<group>"; };
		DA9FCB6472D2404E9F2127D0 /* iosrtcPlugin.swift */ = {isa = PBXFileReference; explicitFileType = undefined; fileEncoding = 4; includeInIndex = 0; lastKnownFileType = sourcecode.swift; name = iosrtcPlugin.swift; path = "cordova-plugin-iosrtc/iosrtcPlugin.swift"; sourceTree = "<group>"; };
		DC417A02F27E41F09A956BC4 /* RTCStatsDelegate.h */ = {isa = PBXFileReference; explicitFileType = undefined; fileEncoding = 4; includeInIndex = 0; lastKnownFileType = sourcecode.c.h; name = RTCStatsDelegate.h; path = "cordova-plugin-iosrtc/RTCStatsDelegate.h"; sourceTree = "<group>"; };
		DEFB16B0E1964EBEB2CE0C2E /* PluginGetUserMedia.swift */ = {isa = PBXFileReference; explicitFileType = undefined; fileEncoding = 4; includeInIndex = 0; lastKnownFileType = sourcecode.swift; name = PluginGetUserMedia.swift; path = "cordova-plugin-iosrtc/PluginGetUserMedia.swift"; sourceTree = "<group>"; };
		E09D1E6F5B724526A64654DA /* PluginRTCTypes.swift */ = {isa = PBXFileReference; explicitFileType = undefined; fileEncoding = 4; includeInIndex = 0; lastKnownFileType = sourcecode.swift; name = PluginRTCTypes.swift; path = "cordova-plugin-iosrtc/PluginRTCTypes.swift"; sourceTree = "<group>"; };
		EB87FDF31871DA8E0020F90C /* www */ = {isa = PBXFileReference; lastKnownFileType = folder; name = www; path = ../../www; sourceTree = "<group>"; };
		EB87FDF41871DAF40020F90C /* config.xml */ = {isa = PBXFileReference; lastKnownFileType = text.xml; name = config.xml; path = ../../config.xml; sourceTree = "<group>"; };
		ED33DF2A687741AEAF9F8254 /* Bridging-Header.h */ = {isa = PBXFileReference; fileEncoding = 4; lastKnownFileType = sourcecode.c.h; path = "Bridging-Header.h"; sourceTree = "<group>"; };
		F151C7C3F83B404D83433D5D /* RTCMediaSource.h */ = {isa = PBXFileReference; explicitFileType = undefined; fileEncoding = 4; includeInIndex = 0; lastKnownFileType = sourcecode.c.h; name = RTCMediaSource.h; path = "cordova-plugin-iosrtc/RTCMediaSource.h"; sourceTree = "<group>"; };
		F76F480305B04B30814F96ED /* RTCTypes.h */ = {isa = PBXFileReference; explicitFileType = undefined; fileEncoding = 4; includeInIndex = 0; lastKnownFileType = sourcecode.c.h; name = RTCTypes.h; path = "cordova-plugin-iosrtc/RTCTypes.h"; sourceTree = "<group>"; };
		F840E1F0165FE0F500CFE078 /* config.xml */ = {isa = PBXFileReference; lastKnownFileType = text.xml; name = config.xml; path = FreeComms/config.xml; sourceTree = "<group>"; };
		FDF4C08EB01244DFB3644162 /* RTCEAGLVideoView.h */ = {isa = PBXFileReference; explicitFileType = undefined; fileEncoding = 4; includeInIndex = 0; lastKnownFileType = sourcecode.c.h; name = RTCEAGLVideoView.h; path = "cordova-plugin-iosrtc/RTCEAGLVideoView.h"; sourceTree = "<group>"; };
		FFF2F6DB5455444FB7A2AD94 /* RTCSessionDescription.h */ = {isa = PBXFileReference; explicitFileType = undefined; fileEncoding = 4; includeInIndex = 0; lastKnownFileType = sourcecode.c.h; name = RTCSessionDescription.h; path = "cordova-plugin-iosrtc/RTCSessionDescription.h"; sourceTree = "<group>"; };
		53C1C4590DB44AE394042C09 /* CDVLogger.m */ = {isa = PBXFileReference; name = "CDVLogger.m"; path = "cordova-plugin-console/CDVLogger.m"; sourceTree = "<group>"; fileEncoding = 4; lastKnownFileType = sourcecode.c.objc; explicitFileType = undefined; includeInIndex = 0; };
		94F2AE38050B47EEB236847B /* CDVLogger.h */ = {isa = PBXFileReference; name = "CDVLogger.h"; path = "cordova-plugin-console/CDVLogger.h"; sourceTree = "<group>"; fileEncoding = 4; lastKnownFileType = sourcecode.c.h; explicitFileType = undefined; includeInIndex = 0; };
/* End PBXFileReference section */

/* Begin PBXFrameworksBuildPhase section */
		1D60588F0D05DD3D006BFB54 /* Frameworks */ = {
			isa = PBXFrameworksBuildPhase;
			buildActionMask = 2147483647;
			files = (
				301BF552109A68D80062928A /* libCordova.a in Frameworks */,
				11CF071842BE47648DBBCACA /* AVFoundation.framework in Frameworks */,
				F595400380894CC587F32D87 /* CoreMedia.framework in Frameworks */,
				C3198EC5C8064D7284AA8029 /* GLKit.framework in Frameworks */,
				E5D562B9FA624A238FB21275 /* OpenGLES.framework in Frameworks */,
				AF2E42B81AD9437EB0DF23D3 /* CoreVideo.framework in Frameworks */,
				635FDBBB1D584BB1B8E0BF9B /* CoreAudio.framework in Frameworks */,
				1F5E4D8A6AAE49B19F11C5BC /* QuartzCore.framework in Frameworks */,
				5B4B51D163E24362BAF9A939 /* CoreLocation.framework in Frameworks */,
				2298F1186CCC4D8DA5BF57E0 /* AudioToolbox.framework in Frameworks */,
				8B96AAD638A446C2BB6E1416 /* libc++.dylib in Frameworks */,
				B44DB70EEB8849EBB1E1B6A1 /* libstdc++.dylib in Frameworks */,
				C04B23E775984DFBAB9E3192 /* libsqlite3.0.dylib in Frameworks */,
				02512F3B32AA46BDAE5D0547 /* VideoToolbox.framework in Frameworks */,
				7789A19A347F475F8C60958A /* libWebRTC-LATEST-Universal-Release.a in Frameworks */,
			);
			runOnlyForDeploymentPostprocessing = 0;
		};
/* End PBXFrameworksBuildPhase section */

/* Begin PBXGroup section */
		080E96DDFE201D6D7F000001 /* Classes */ = {
			isa = PBXGroup;
			children = (
				302D95EE14D2391D003F00A1 /* MainViewController.h */,
				302D95EF14D2391D003F00A1 /* MainViewController.m */,
				302D95F014D2391D003F00A1 /* MainViewController.xib */,
				1D3623240D0F684500981E51 /* AppDelegate.h */,
				1D3623250D0F684500981E51 /* AppDelegate.m */,
			);
			name = Classes;
			path = FreeComms/Classes;
			sourceTree = SOURCE_ROOT;
		};
		19C28FACFE9D520D11CA2CBB /* Products */ = {
			isa = PBXGroup;
			children = (
				1D6058910D05DD3D006BFB54 /* FreeComms.app */,
			);
			name = Products;
			sourceTree = "<group>";
		};
		29B97314FDCFA39411CA2CEA /* CustomTemplate */ = {
			isa = PBXGroup;
			children = (
				EB87FDF41871DAF40020F90C /* config.xml */,
				EB87FDF31871DA8E0020F90C /* www */,
				EB87FDF11871DA420020F90C /* Staging */,
				301BF52D109A57CC0062928A /* CordovaLib.xcodeproj */,
				080E96DDFE201D6D7F000001 /* Classes */,
				307C750510C5A3420062BCA9 /* Plugins */,
				29B97315FDCFA39411CA2CEA /* Other Sources */,
				29B97317FDCFA39411CA2CEA /* Resources */,
				29B97323FDCFA39411CA2CEA /* Frameworks */,
				19C28FACFE9D520D11CA2CBB /* Products */,
			);
			name = CustomTemplate;
			sourceTree = "<group>";
		};
		29B97315FDCFA39411CA2CEA /* Other Sources */ = {
			isa = PBXGroup;
			children = (
				32CA4F630368D1EE00C91783 /* FreeComms-Prefix.pch */,
				29B97316FDCFA39411CA2CEA /* main.m */,
				ED33DF2A687741AEAF9F8254 /* Bridging-Header.h */,
			);
			name = "Other Sources";
			path = FreeComms;
			sourceTree = "<group>";
		};
		29B97317FDCFA39411CA2CEA /* Resources */ = {
			isa = PBXGroup;
			children = (
				0207DA571B56EA530066E2B4 /* Images.xcassets */,
				3047A50E1AB8057F00498E2A /* config */,
				8D1107310486CEB800E47090 /* FreeComms-Info.plist */,
			);
			name = Resources;
			path = FreeComms/Resources;
			sourceTree = "<group>";
		};
		29B97323FDCFA39411CA2CEA /* Frameworks */ = {
			isa = PBXGroup;
			children = (
				79A2D8C9E4344194B2B00EC9 /* AVFoundation.framework */,
				B8FBC79814B74DA59FBC4505 /* CoreMedia.framework */,
				9B10012C2575467DB1DECC5E /* GLKit.framework */,
				2862B9E4E9384F32A31A5D6B /* OpenGLES.framework */,
				ACF5D4BCA20C4CE693220EFA /* CoreVideo.framework */,
				855DDFA782FC4199BCD8DE65 /* CoreAudio.framework */,
				64BECEE9595D44CB8C33BB30 /* QuartzCore.framework */,
				A8E485088F0641FC8C5C77C4 /* CoreLocation.framework */,
				7E27B6DD10DB4FC8BBB613FD /* AudioToolbox.framework */,
				60D9AFAEFA5647F5B7EDDD42 /* libc++.dylib */,
				2EF0315E06974DE2A1FF8FBD /* libstdc++.dylib */,
				2D46FEA46FF44BA6BC9162DB /* libsqlite3.0.dylib */,
				39908EE93E48490B9F72E546 /* VideoToolbox.framework */,
				D6A3877C8D714B2A8951A174 /* libWebRTC-LATEST-Universal-Release.a */,
			);
			name = Frameworks;
			sourceTree = "<group>";
		};
		301BF52E109A57CC0062928A /* Products */ = {
			isa = PBXGroup;
			children = (
				301BF535109A57CC0062928A /* libCordova.a */,
			);
			name = Products;
			sourceTree = "<group>";
		};
		3047A50E1AB8057F00498E2A /* config */ = {
			isa = PBXGroup;
			children = (
				3047A50F1AB8059700498E2A /* build-debug.xcconfig */,
				3047A5101AB8059700498E2A /* build-release.xcconfig */,
				3047A5111AB8059700498E2A /* build.xcconfig */,
			);
			name = config;
			sourceTree = "<group>";
		};
		307C750510C5A3420062BCA9 /* Plugins */ = {
			isa = PBXGroup;
			children = (
				91182E91836740B4935C69D4 /* CDVDevice.m */,
				9DC2A99AC89043D0BA871C18 /* CDVDevice.h */,
				DA9FCB6472D2404E9F2127D0 /* iosrtcPlugin.swift */,
				E09D1E6F5B724526A64654DA /* PluginRTCTypes.swift */,
				B67ECBBFE6934AE9AD403039 /* PluginRTCPeerConnection.swift */,
				D4B34F69DE964A54BA7A3B76 /* PluginRTCPeerConnectionConfig.swift */,
				5431D5C1B1B24D85A34B0AAA /* PluginRTCPeerConnectionConstraints.swift */,
				312A57F7C38D422B98F13D70 /* PluginRTCDataChannel.swift */,
				45AE305C46B44C39BA6C6811 /* PluginRTCDTMFSender.swift */,
				2B17EF0825004608851D2073 /* PluginMediaStream.swift */,
				1926B124BE0C43FD9F8DEE12 /* PluginMediaStreamTrack.swift */,
				DEFB16B0E1964EBEB2CE0C2E /* PluginGetUserMedia.swift */,
				96696FCE30924E2B96FC4B43 /* PluginEnumerateDevices.swift */,
				086A0D7BFFC146A88BB3C6C6 /* PluginUtils.swift */,
				3A9A0C079F7448D9BC50EAA6 /* PluginMediaStreamRenderer.swift */,
				81A5F36B032F4538A7D3798D /* RTCAVFoundationVideoSource.h */,
				198350A5FB1C4548A45FED92 /* RTCAudioSource.h */,
				CACC85F5CCD448589B6091B5 /* RTCAudioTrack.h */,
				4B0D00D0D54E4BE59D4C7F36 /* RTCDataChannel.h */,
				6EF62CA46B80410596725AB4 /* RTCDTMFSender.h */,
				FDF4C08EB01244DFB3644162 /* RTCEAGLVideoView.h */,
				69FDCB7A48AE496C83E1AB0C /* RTCFileLogger.h */,
				49B6D766C4AE4CD6958B7E39 /* RTCI420Frame.h */,
				704FDC4BC8954BA7AB10579E /* RTCICECandidate.h */,
				34F2B4C8CAE54100999C2850 /* RTCICEServer.h */,
				29F14364E773476286ACAB11 /* RTCLogging.h */,
				D1384AB2C1F642DCBC160DD4 /* RTCMediaConstraints.h */,
				F151C7C3F83B404D83433D5D /* RTCMediaSource.h */,
				8ABA90564BDC46599F36DEE8 /* RTCMediaStream.h */,
				91469862080740708F0FCF75 /* RTCMediaStreamTrack.h */,
				26C56D6F64584C49BC538177 /* RTCNSGLVideoView.h */,
				41CD8B720DD9437D873B688A /* RTCOpenGLVideoRenderer.h */,
				9D249500DECF421485F70E03 /* RTCPair.h */,
				3602D6CBE9FF488EA3E5E73B /* RTCPeerConnection.h */,
				D65D0057CAAD457EAD1152E5 /* RTCPeerConnectionDelegate.h */,
				6499F74736374552879FB36D /* RTCPeerConnectionFactory.h */,
				88DBAE2B3570474394505635 /* RTCPeerConnectionInterface.h */,
				FFF2F6DB5455444FB7A2AD94 /* RTCSessionDescription.h */,
				933459D8D5494889A4C207B8 /* RTCSessionDescriptionDelegate.h */,
				DC417A02F27E41F09A956BC4 /* RTCStatsDelegate.h */,
				D631D5DC8D6F40D3A714EC48 /* RTCStatsReport.h */,
				F76F480305B04B30814F96ED /* RTCTypes.h */,
				7F1CFF42CCC84CE284BFF7E6 /* RTCVideoCapturer.h */,
				8DE328561241465C892FCC13 /* RTCVideoRenderer.h */,
				900219A94F2B4C449A665EBC /* RTCVideoSource.h */,
				B3F23FAEB2F746229156A2F9 /* RTCVideoTrack.h */,
				90688499960C4B8C92BED627 /* cordova-plugin-iosrtc-Bridging-Header.h */,
				53C1C4590DB44AE394042C09 /* CDVLogger.m */,
				94F2AE38050B47EEB236847B /* CDVLogger.h */,
			);
			name = Plugins;
			path = FreeComms/Plugins;
			sourceTree = SOURCE_ROOT;
		};
		EB87FDF11871DA420020F90C /* Staging */ = {
			isa = PBXGroup;
			children = (
				F840E1F0165FE0F500CFE078 /* config.xml */,
				301BF56E109A69640062928A /* www */,
			);
			name = Staging;
			sourceTree = "<group>";
		};
/* End PBXGroup section */

/* Begin PBXNativeTarget section */
		1D6058900D05DD3D006BFB54 /* FreeComms */ = {
			isa = PBXNativeTarget;
			buildConfigurationList = 1D6058960D05DD3E006BFB54 /* Build configuration list for PBXNativeTarget "FreeComms" */;
			buildPhases = (
				304B58A110DAC018002A0835 /* Copy www directory */,
				1D60588D0D05DD3D006BFB54 /* Resources */,
				1D60588E0D05DD3D006BFB54 /* Sources */,
				1D60588F0D05DD3D006BFB54 /* Frameworks */,
			);
			buildRules = (
			);
			dependencies = (
				301BF551109A68C00062928A /* PBXTargetDependency */,
			);
			name = FreeComms;
			productName = FreeComms;
			productReference = 1D6058910D05DD3D006BFB54 /* FreeComms.app */;
			productType = "com.apple.product-type.application";
		};
/* End PBXNativeTarget section */

/* Begin PBXProject section */
		29B97313FDCFA39411CA2CEA /* Project object */ = {
			isa = PBXProject;
			attributes = {
				LastSwiftUpdateCheck = 730;
				LastUpgradeCheck = 730;
				TargetAttributes = {
					1D6058900D05DD3D006BFB54 = {
						DevelopmentTeam = 9VX9YPLM85;
					};
				};
			};
			buildConfigurationList = C01FCF4E08A954540054247B /* Build configuration list for PBXProject "FreeComms" */;
			compatibilityVersion = "Xcode 3.2";
			developmentRegion = English;
			hasScannedForEncodings = 1;
			knownRegions = (
				en,
			);
			mainGroup = 29B97314FDCFA39411CA2CEA /* CustomTemplate */;
			projectDirPath = "";
			projectReferences = (
				{
					ProductGroup = 301BF52E109A57CC0062928A /* Products */;
					ProjectRef = 301BF52D109A57CC0062928A /* CordovaLib.xcodeproj */;
				},
			);
			projectRoot = "";
			targets = (
				1D6058900D05DD3D006BFB54 /* FreeComms */,
			);
		};
/* End PBXProject section */

/* Begin PBXReferenceProxy section */
		301BF535109A57CC0062928A /* libCordova.a */ = {
			isa = PBXReferenceProxy;
			fileType = archive.ar;
			path = libCordova.a;
			remoteRef = 301BF534109A57CC0062928A /* PBXContainerItemProxy */;
			sourceTree = BUILT_PRODUCTS_DIR;
		};
/* End PBXReferenceProxy section */

/* Begin PBXResourcesBuildPhase section */
		1D60588D0D05DD3D006BFB54 /* Resources */ = {
			isa = PBXResourcesBuildPhase;
			buildActionMask = 2147483647;
			files = (
				302D95F214D2391D003F00A1 /* MainViewController.xib in Resources */,
				0207DA581B56EA530066E2B4 /* Images.xcassets in Resources */,
			);
			runOnlyForDeploymentPostprocessing = 0;
		};
/* End PBXResourcesBuildPhase section */

/* Begin PBXShellScriptBuildPhase section */
		304B58A110DAC018002A0835 /* Copy www directory */ = {
			isa = PBXShellScriptBuildPhase;
			buildActionMask = 2147483647;
			files = (
			);
			inputPaths = (
			);
			name = "Copy www directory";
			outputPaths = (
			);
			runOnlyForDeploymentPostprocessing = 0;
			shellPath = /bin/sh;
			shellScript = "NODEJS_PATH=/usr/local/bin; NVM_NODE_PATH=~/.nvm/versions/node/`nvm version 2>/dev/null`/bin; N_NODE_PATH=`find /usr/local/n/versions/node/* -maxdepth 0 -type d 2>/dev/null | tail -1`/bin; XCODE_NODE_PATH=`xcode-select --print-path`/usr/share/xcs/Node/bin; PATH=$NODEJS_PATH:$NVM_NODE_PATH:$N_NODE_PATH:$XCODE_NODE_PATH:$PATH && node cordova/lib/copy-www-build-step.js";
			showEnvVarsInLog = 0;
		};
/* End PBXShellScriptBuildPhase section */

/* Begin PBXSourcesBuildPhase section */
		1D60588E0D05DD3D006BFB54 /* Sources */ = {
			isa = PBXSourcesBuildPhase;
			buildActionMask = 2147483647;
			files = (
				1D60589B0D05DD56006BFB54 /* main.m in Sources */,
				1D3623260D0F684500981E51 /* AppDelegate.m in Sources */,
				302D95F114D2391D003F00A1 /* MainViewController.m in Sources */,
				36BDC68DCC2C481A8E9CBE88 /* CDVDevice.m in Sources */,
				ECE8354C50F64D25B87AA54C /* iosrtcPlugin.swift in Sources */,
				D64BFE36D44F439DB36E9B5C /* PluginRTCTypes.swift in Sources */,
				6275C93675B947549CB9851B /* PluginRTCPeerConnection.swift in Sources */,
				23BFE03BD5104ADA88FD4279 /* PluginRTCPeerConnectionConfig.swift in Sources */,
				29632C3F841A442D9DF83D0E /* PluginRTCPeerConnectionConstraints.swift in Sources */,
				9D4E2BFBEECB448995AED879 /* PluginRTCDataChannel.swift in Sources */,
				00893E3DC09D4DA7801D91C5 /* PluginRTCDTMFSender.swift in Sources */,
				088CDA0EF6C64EFC95ABE736 /* PluginMediaStream.swift in Sources */,
				C41EC54D0C8D4D07952974E8 /* PluginMediaStreamTrack.swift in Sources */,
				04798B638528466CA396ECE9 /* PluginGetUserMedia.swift in Sources */,
				B4A644D271554D76AB243B06 /* PluginEnumerateDevices.swift in Sources */,
				76778AB7971A47989F46AE2B /* PluginUtils.swift in Sources */,
				11314198CAA5404C99E18598 /* PluginMediaStreamRenderer.swift in Sources */,
				7DA97848EE73496CA6B65E80 /* CDVLogger.m in Sources */,
			);
			runOnlyForDeploymentPostprocessing = 0;
		};
/* End PBXSourcesBuildPhase section */

/* Begin PBXTargetDependency section */
		301BF551109A68C00062928A /* PBXTargetDependency */ = {
			isa = PBXTargetDependency;
			name = CordovaLib;
			targetProxy = 301BF550109A68C00062928A /* PBXContainerItemProxy */;
		};
/* End PBXTargetDependency section */

/* Begin XCBuildConfiguration section */
		1D6058940D05DD3E006BFB54 /* Debug */ = {
			isa = XCBuildConfiguration;
			baseConfigurationReference = 3047A50F1AB8059700498E2A /* build-debug.xcconfig */;
			buildSettings = {
				ALWAYS_SEARCH_USER_PATHS = NO;
				ASSETCATALOG_COMPILER_APPICON_NAME = AppIcon;
				ASSETCATALOG_COMPILER_LAUNCHIMAGE_NAME = LaunchImage;
				CLANG_ENABLE_MODULES = YES;
				CLANG_ENABLE_OBJC_ARC = YES;
				CODE_SIGN_IDENTITY = "iPhone Developer: Adam Hanna (ZPA7D5EEAA)";
				COPY_PHASE_STRIP = NO;
				ENABLE_BITCODE = NO;
				GCC_DYNAMIC_NO_PIC = NO;
				GCC_OPTIMIZATION_LEVEL = 0;
				GCC_PRECOMPILE_PREFIX_HEADER = YES;
				GCC_PREFIX_HEADER = "FreeComms/FreeComms-Prefix.pch";
				GCC_THUMB_SUPPORT = NO;
				GCC_VERSION = "";
				INFOPLIST_FILE = "FreeComms/FreeComms-Info.plist";
				IPHONEOS_DEPLOYMENT_TARGET = 9.0;
				LD_RUNPATH_SEARCH_PATHS = "@executable_path/Frameworks";
				LIBRARY_SEARCH_PATHS = (
					"$(inherited)",
					"\"$(SRCROOT)/FreeComms/Plugins/cordova-plugin-iosrtc\"",
				);
				PRODUCT_BUNDLE_IDENTIFIER = org.freecomms;
				PRODUCT_NAME = FreeComms;
				SWIFT_OBJC_BRIDGING_HEADER = "FreeComms/Plugins/cordova-plugin-iosrtc/cordova-plugin-iosrtc-Bridging-Header.h";
			};
			name = Debug;
		};
		1D6058950D05DD3E006BFB54 /* Release */ = {
			isa = XCBuildConfiguration;
			baseConfigurationReference = 3047A5101AB8059700498E2A /* build-release.xcconfig */;
			buildSettings = {
				ALWAYS_SEARCH_USER_PATHS = NO;
				ASSETCATALOG_COMPILER_APPICON_NAME = AppIcon;
				ASSETCATALOG_COMPILER_LAUNCHIMAGE_NAME = LaunchImage;
				CLANG_ENABLE_MODULES = YES;
				CLANG_ENABLE_OBJC_ARC = YES;
				CODE_SIGN_IDENTITY = "iPhone Developer: Adam Hanna (ZPA7D5EEAA)";
				COPY_PHASE_STRIP = YES;
				ENABLE_BITCODE = NO;
				GCC_PRECOMPILE_PREFIX_HEADER = YES;
				GCC_PREFIX_HEADER = "FreeComms/FreeComms-Prefix.pch";
				GCC_THUMB_SUPPORT = NO;
				GCC_VERSION = "";
				INFOPLIST_FILE = "FreeComms/FreeComms-Info.plist";
				IPHONEOS_DEPLOYMENT_TARGET = 9.0;
				LD_RUNPATH_SEARCH_PATHS = "@executable_path/Frameworks";
				LIBRARY_SEARCH_PATHS = (
					"$(inherited)",
					"\"$(SRCROOT)/FreeComms/Plugins/cordova-plugin-iosrtc\"",
				);
				PRODUCT_BUNDLE_IDENTIFIER = org.freecomms;
				PRODUCT_NAME = FreeComms;
				SWIFT_OBJC_BRIDGING_HEADER = "FreeComms/Plugins/cordova-plugin-iosrtc/cordova-plugin-iosrtc-Bridging-Header.h";
			};
			name = Release;
		};
		C01FCF4F08A954540054247B /* Debug */ = {
			isa = XCBuildConfiguration;
			baseConfigurationReference = 3047A5111AB8059700498E2A /* build.xcconfig */;
			buildSettings = {
				CLANG_ENABLE_MODULES = YES;
				CLANG_ENABLE_OBJC_ARC = YES;
				CLANG_WARN_BOOL_CONVERSION = YES;
				CLANG_WARN_CONSTANT_CONVERSION = YES;
				CLANG_WARN_EMPTY_BODY = YES;
				CLANG_WARN_ENUM_CONVERSION = YES;
				CLANG_WARN_INT_CONVERSION = YES;
				CLANG_WARN__DUPLICATE_METHOD_MATCH = YES;
				CODE_SIGN_IDENTITY = "iPhone Developer: Adam Hanna (ZPA7D5EEAA)";
				ENABLE_BITCODE = NO;
				ENABLE_TESTABILITY = YES;
				GCC_C_LANGUAGE_STANDARD = c99;
				GCC_THUMB_SUPPORT = NO;
				GCC_VERSION = "";
				GCC_WARN_ABOUT_RETURN_TYPE = YES;
				GCC_WARN_UNDECLARED_SELECTOR = YES;
				GCC_WARN_UNINITIALIZED_AUTOS = YES;
				GCC_WARN_UNUSED_FUNCTION = YES;
				GCC_WARN_UNUSED_VARIABLE = YES;
				IPHONEOS_DEPLOYMENT_TARGET = 9.0;
				LD_RUNPATH_SEARCH_PATHS = "@executable_path/Frameworks";
				ONLY_ACTIVE_ARCH = YES;
				SDKROOT = iphoneos;
				SKIP_INSTALL = NO;
				SWIFT_OBJC_BRIDGING_HEADER = "FreeComms/Plugins/cordova-plugin-iosrtc/cordova-plugin-iosrtc-Bridging-Header.h";
			};
			name = Debug;
		};
		C01FCF5008A954540054247B /* Release */ = {
			isa = XCBuildConfiguration;
			baseConfigurationReference = 3047A5111AB8059700498E2A /* build.xcconfig */;
			buildSettings = {
				CLANG_ENABLE_MODULES = YES;
				CLANG_ENABLE_OBJC_ARC = YES;
				CLANG_WARN_BOOL_CONVERSION = YES;
				CLANG_WARN_CONSTANT_CONVERSION = YES;
				CLANG_WARN_EMPTY_BODY = YES;
				CLANG_WARN_ENUM_CONVERSION = YES;
				CLANG_WARN_INT_CONVERSION = YES;
				CLANG_WARN__DUPLICATE_METHOD_MATCH = YES;
				CODE_SIGN_IDENTITY = "iPhone Developer: Adam Hanna (ZPA7D5EEAA)";
				ENABLE_BITCODE = NO;
				GCC_C_LANGUAGE_STANDARD = c99;
				GCC_THUMB_SUPPORT = NO;
				GCC_VERSION = "";
				GCC_WARN_ABOUT_RETURN_TYPE = YES;
				GCC_WARN_UNDECLARED_SELECTOR = YES;
				GCC_WARN_UNINITIALIZED_AUTOS = YES;
				GCC_WARN_UNUSED_FUNCTION = YES;
				GCC_WARN_UNUSED_VARIABLE = YES;
				IPHONEOS_DEPLOYMENT_TARGET = 9.0;
				LD_RUNPATH_SEARCH_PATHS = "@executable_path/Frameworks";
				SDKROOT = iphoneos;
				SKIP_INSTALL = NO;
				SWIFT_OBJC_BRIDGING_HEADER = "FreeComms/Plugins/cordova-plugin-iosrtc/cordova-plugin-iosrtc-Bridging-Header.h";
			};
			name = Release;
		};
/* End XCBuildConfiguration section */

/* Begin XCConfigurationList section */
		1D6058960D05DD3E006BFB54 /* Build configuration list for PBXNativeTarget "FreeComms" */ = {
			isa = XCConfigurationList;
			buildConfigurations = (
				1D6058940D05DD3E006BFB54 /* Debug */,
				1D6058950D05DD3E006BFB54 /* Release */,
			);
			defaultConfigurationIsVisible = 0;
			defaultConfigurationName = Release;
		};
		C01FCF4E08A954540054247B /* Build configuration list for PBXProject "FreeComms" */ = {
			isa = XCConfigurationList;
			buildConfigurations = (
				C01FCF4F08A954540054247B /* Debug */,
				C01FCF5008A954540054247B /* Release */,
			);
			defaultConfigurationIsVisible = 0;
			defaultConfigurationName = Release;
		};
/* End XCConfigurationList section */
	};
	rootObject = 29B97313FDCFA39411CA2CEA /* Project object */;
}
